
Microsoft Visual Studio Solution File, Format Version 12.00
# Visual Studio Version 17
VisualStudioVersion = 17.0.31903.59
MinimumVisualStudioVersion = 10.0.40219.1
Project("{2150E333-8FDC-42A3-9474-1A3956D46DE8}") = "src", "src", "{B9AF4755-B2D7-486D-A43B-4ABD3AF39CAC}"
	ProjectSection(SolutionItems) = preProject
		src\Directory.Build.props = src\Directory.Build.props
	EndProjectSection
EndProject
Project("{2150E333-8FDC-42A3-9474-1A3956D46DE8}") = "test", "test", "{62BBE3AC-8BCD-43F6-8638-84062E9FAA17}"
	ProjectSection(SolutionItems) = preProject
		test\Directory.Build.props = test\Directory.Build.props
	EndProjectSection
EndProject
Project("{FAE04EC0-301F-11D3-BF4B-00C04F79EFBC}") = "NtfyCator", "src\NtfyCator\NtfyCator.csproj", "{C920F656-5F71-476E-B6B6-D82EFA803DA8}"
EndProject
Project("{FAE04EC0-301F-11D3-BF4B-00C04F79EFBC}") = "NtfyCator.Tests", "test\NtfyCator.Tests\NtfyCator.Tests.csproj", "{635EBA3B-388F-44BB-B827-951CC1E740E9}"
EndProject
Project("{2150E333-8FDC-42A3-9474-1A3956D46DE8}") = "misc", "misc", "{6DD5359D-818D-474E-B0DB-1F81CAA97CCA}"
	ProjectSection(SolutionItems) = preProject
		Directory.Build.props = Directory.Build.props
		Directory.Packages.props = Directory.Packages.props
		.editorconfig = .editorconfig
	EndProjectSection
EndProject
Project("{9A19103F-16F7-4668-BE54-9A1E7A4F7556}") = "BuildPipeline", "build\BuildPipeline.csproj", "{DB92CF59-B2C7-4374-9BBF-A8C3C758E551}"
EndProject
Project("{2150E333-8FDC-42A3-9474-1A3956D46DE8}") = "build", "build", "{1F6CF34D-4CC9-4BDB-A5DD-968873EC6831}"
EndProject
Project("{2150E333-8FDC-42A3-9474-1A3956D46DE8}") = "github", "github", "{A8E028A6-4B85-42B0-9E59-E0AA12C36D29}"
EndProject
Project("{2150E333-8FDC-42A3-9474-1A3956D46DE8}") = "workflows", "workflows", "{510CAD19-651B-4CC2-858B-B7BC6F89A7B5}"
EndProject
Project("{FAE04EC0-301F-11D3-BF4B-00C04F79EFBC}") = "NtfyCatorTools", "src\NtfyCatorTools\NtfyCatorTools.csproj", "{7B2E61B7-FD76-4807-8998-3D7A69C2A92D}"
EndProject
Global
	GlobalSection(SolutionConfigurationPlatforms) = preSolution
		Debug|Any CPU = Debug|Any CPU
		Release|Any CPU = Release|Any CPU
	EndGlobalSection
	GlobalSection(SolutionProperties) = preSolution
		HideSolutionNode = FALSE
	EndGlobalSection
	GlobalSection(NestedProjects) = preSolution
		{C920F656-5F71-476E-B6B6-D82EFA803DA8} = {B9AF4755-B2D7-486D-A43B-4ABD3AF39CAC}
		{635EBA3B-388F-44BB-B827-951CC1E740E9} = {62BBE3AC-8BCD-43F6-8638-84062E9FAA17}
		{DB92CF59-B2C7-4374-9BBF-A8C3C758E551} = {1F6CF34D-4CC9-4BDB-A5DD-968873EC6831}
		{A8E028A6-4B85-42B0-9E59-E0AA12C36D29} = {6DD5359D-818D-474E-B0DB-1F81CAA97CCA}
		{510CAD19-651B-4CC2-858B-B7BC6F89A7B5} = {A8E028A6-4B85-42B0-9E59-E0AA12C36D29}
		{7B2E61B7-FD76-4807-8998-3D7A69C2A92D} = {B9AF4755-B2D7-486D-A43B-4ABD3AF39CAC}
	EndGlobalSection
	GlobalSection(ProjectConfigurationPlatforms) = postSolution
		{DB92CF59-B2C7-4374-9BBF-A8C3C758E551}.Debug|Any CPU.ActiveCfg = Debug|Any CPU
		{DB92CF59-B2C7-4374-9BBF-A8C3C758E551}.Release|Any CPU.ActiveCfg = Release|Any CPU
		{C920F656-5F71-476E-B6B6-D82EFA803DA8}.Debug|Any CPU.ActiveCfg = Debug|Any CPU
		{C920F656-5F71-476E-B6B6-D82EFA803DA8}.Debug|Any CPU.Build.0 = Debug|Any CPU
		{C920F656-5F71-476E-B6B6-D82EFA803DA8}.Release|Any CPU.ActiveCfg = Release|Any CPU
		{C920F656-5F71-476E-B6B6-D82EFA803DA8}.Release|Any CPU.Build.0 = Release|Any CPU
		{635EBA3B-388F-44BB-B827-951CC1E740E9}.Debug|Any CPU.ActiveCfg = Debug|Any CPU
		{635EBA3B-388F-44BB-B827-951CC1E740E9}.Debug|Any CPU.Build.0 = Debug|Any CPU
		{635EBA3B-388F-44BB-B827-951CC1E740E9}.Release|Any CPU.ActiveCfg = Release|Any CPU
		{635EBA3B-388F-44BB-B827-951CC1E740E9}.Release|Any CPU.Build.0 = Release|Any CPU
		{7B2E61B7-FD76-4807-8998-3D7A69C2A92D}.Debug|Any CPU.ActiveCfg = Debug|Any CPU
		{7B2E61B7-FD76-4807-8998-3D7A69C2A92D}.Debug|Any CPU.Build.0 = Debug|Any CPU
		{7B2E61B7-FD76-4807-8998-3D7A69C2A92D}.Release|Any CPU.ActiveCfg = Release|Any CPU
		{7B2E61B7-FD76-4807-8998-3D7A69C2A92D}.Release|Any CPU.Build.0 = Release|Any CPU
	EndGlobalSection
EndGlobal
